
Microsoft Visual Studio Solution File, Format Version 12.00
# Visual Studio 2012
Project("{FAE04EC0-301F-11D3-BF4B-00C04F79EFBC}") = "razor-grid", "razor-grid\razor-grid.csproj", "{0BAEEBAD-A8D2-408E-B503-5294E2CB9873}"
EndProject
Project("{FAE04EC0-301F-11D3-BF4B-00C04F79EFBC}") = "Demo", "Demo\Demo.csproj", "{2F47C1A7-902C-41B0-822F-64E2D2194994}"
EndProject
Global
	GlobalSection(SolutionConfigurationPlatforms) = preSolution
		Debug|Any CPU = Debug|Any CPU
		Release|Any CPU = Release|Any CPU
	EndGlobalSection
	GlobalSection(ProjectConfigurationPlatforms) = postSolution
		{0BAEEBAD-A8D2-408E-B503-5294E2CB9873}.Debug|Any CPU.ActiveCfg = Debug|Any CPU
		{0BAEEBAD-A8D2-408E-B503-5294E2CB9873}.Debug|Any CPU.Build.0 = Debug|Any CPU
		{0BAEEBAD-A8D2-408E-B503-5294E2CB9873}.Release|Any CPU.ActiveCfg = Release|Any CPU
		{0BAEEBAD-A8D2-408E-B503-5294E2CB9873}.Release|Any CPU.Build.0 = Release|Any CPU
		{2F47C1A7-902C-41B0-822F-64E2D2194994}.Debug|Any CPU.ActiveCfg = Debug|Any CPU
		{2F47C1A7-902C-41B0-822F-64E2D2194994}.Debug|Any CPU.Build.0 = Debug|Any CPU
		{2F47C1A7-902C-41B0-822F-64E2D2194994}.Release|Any CPU.ActiveCfg = Release|Any CPU
		{2F47C1A7-902C-41B0-822F-64E2D2194994}.Release|Any CPU.Build.0 = Release|Any CPU
	EndGlobalSection
	GlobalSection(SolutionProperties) = preSolution
		HideSolutionNode = FALSE
	EndGlobalSection
EndGlobal
